
Microsoft Visual Studio Solution File, Format Version 12.00
# Visual Studio Version 16
VisualStudioVersion = 16.0.30011.22
MinimumVisualStudioVersion = 10.0.40219.1
Project("{FAE04EC0-301F-11D3-BF4B-00C04F79EFBC}") = "CrmApp", "CrmApp\CrmApp.csproj", "{B2740778-E9D8-4E17-BAE3-9C7FCE262D73}"
EndProject
Global
	GlobalSection(SolutionConfigurationPlatforms) = preSolution
		Debug|Any CPU = Debug|Any CPU
		Release|Any CPU = Release|Any CPU
	EndGlobalSection
	GlobalSection(ProjectConfigurationPlatforms) = postSolution
		{B2740778-E9D8-4E17-BAE3-9C7FCE262D73}.Debug|Any CPU.ActiveCfg = Debug|Any CPU
		{B2740778-E9D8-4E17-BAE3-9C7FCE262D73}.Debug|Any CPU.Build.0 = Debug|Any CPU
		{B2740778-E9D8-4E17-BAE3-9C7FCE262D73}.Release|Any CPU.ActiveCfg = Release|Any CPU
		{B2740778-E9D8-4E17-BAE3-9C7FCE262D73}.Release|Any CPU.Build.0 = Release|Any CPU
	EndGlobalSection
	GlobalSection(SolutionProperties) = preSolution
		HideSolutionNode = FALSE
	EndGlobalSection
	GlobalSection(ExtensibilityGlobals) = postSolution
		SolutionGuid = {9255DD02-7B2B-48AB-A8CA-B0A4549974BC}
	EndGlobalSection
EndGlobal
